// !$*UTF8*$!
{
	archiveVersion = 1;
	classes = {
	};
	objectVersion = 46;
	objects = {

/* Begin PBXBuildFile section */
		A10706961C25AFC80005CE7B /* credit.md in Sources */ = {isa = PBXBuildFile; fileRef = A10706941C25AFC80005CE7B /* credit.md */; };
		A12CF6441C02BDC9009260A7 /* Main.storyboard in Resources */ = {isa = PBXBuildFile; fileRef = A12CF6421C02BDC9009260A7 /* Main.storyboard */; };
		A12CF6491C02BDC9009260A7 /* Assets.xcassets in Resources */ = {isa = PBXBuildFile; fileRef = A12CF6481C02BDC9009260A7 /* Assets.xcassets */; };
		A12CF64C1C02BDC9009260A7 /* LaunchScreen.storyboard in Resources */ = {isa = PBXBuildFile; fileRef = A12CF64A1C02BDC9009260A7 /* LaunchScreen.storyboard */; };
		A12CF6571C02BDCA009260A7 /* BookManagerTests.swift in Sources */ = {isa = PBXBuildFile; fileRef = A12CF6561C02BDCA009260A7 /* BookManagerTests.swift */; };
		A12CF6621C02BDCA009260A7 /* BookManagerUITests.swift in Sources */ = {isa = PBXBuildFile; fileRef = A12CF6611C02BDCA009260A7 /* BookManagerUITests.swift */; };
		A12CF67F1C02C08D009260A7 /* AppDelegate.swift in Sources */ = {isa = PBXBuildFile; fileRef = A12CF6701C02C08C009260A7 /* AppDelegate.swift */; };
		A12CF6A01C02C4C3009260A7 /* BookApiModel.swift in Sources */ = {isa = PBXBuildFile; fileRef = A12CF69D1C02C4C3009260A7 /* BookApiModel.swift */; };
		A12CF6A11C02C4C3009260A7 /* BookDataModel.swift in Sources */ = {isa = PBXBuildFile; fileRef = A12CF69E1C02C4C3009260A7 /* BookDataModel.swift */; };
		A12CF6A21C02C4C3009260A7 /* BookSearchResultModel.swift in Sources */ = {isa = PBXBuildFile; fileRef = A12CF69F1C02C4C3009260A7 /* BookSearchResultModel.swift */; };
		A12CF6A41C02C4D2009260A7 /* IsbnReaderView.swift in Sources */ = {isa = PBXBuildFile; fileRef = A12CF6A31C02C4D2009260A7 /* IsbnReaderView.swift */; };
		A12CF6A81C02E829009260A7 /* LoginViewController.swift in Sources */ = {isa = PBXBuildFile; fileRef = A12CF6A71C02E829009260A7 /* LoginViewController.swift */; };
		A12CF6AA1C02ED48009260A7 /* HomeStoryboard.storyboard in Resources */ = {isa = PBXBuildFile; fileRef = A12CF6A91C02ED48009260A7 /* HomeStoryboard.storyboard */; };
		A12CF6AC1C032A56009260A7 /* BookInfoLoaderViewController.swift in Sources */ = {isa = PBXBuildFile; fileRef = A12CF6AB1C032A56009260A7 /* BookInfoLoaderViewController.swift */; };
		A12CF6AE1C032A76009260A7 /* BookSearcherTableViewController.swift in Sources */ = {isa = PBXBuildFile; fileRef = A12CF6AD1C032A76009260A7 /* BookSearcherTableViewController.swift */; };
		A12CF6B01C032A89009260A7 /* BookLibraryTableViewController.swift in Sources */ = {isa = PBXBuildFile; fileRef = A12CF6AF1C032A89009260A7 /* BookLibraryTableViewController.swift */; };
		A12CF6B41C033CCD009260A7 /* BookInfoLoaderViewLogic.swift in Sources */ = {isa = PBXBuildFile; fileRef = A12CF6B31C033CCD009260A7 /* BookInfoLoaderViewLogic.swift */; };
		A140784C1C0ACF1A0079D030 /* UserRegistViewController.swift in Sources */ = {isa = PBXBuildFile; fileRef = A140784B1C0ACF1A0079D030 /* UserRegistViewController.swift */; };
		A140784E1C0AD3110079D030 /* UserAccess.swift in Sources */ = {isa = PBXBuildFile; fileRef = A140784D1C0AD3110079D030 /* UserAccess.swift */; };
		A14078501C0AFD400079D030 /* UserDefaultFunctions.swift in Sources */ = {isa = PBXBuildFile; fileRef = A140784F1C0AFD400079D030 /* UserDefaultFunctions.swift */; };
		A14078521C0B05FB0079D030 /* LibraryAccess.swift in Sources */ = {isa = PBXBuildFile; fileRef = A14078511C0B05FB0079D030 /* LibraryAccess.swift */; };
		A14078541C0B09050079D030 /* LibraryObject.swift in Sources */ = {isa = PBXBuildFile; fileRef = A14078531C0B09050079D030 /* LibraryObject.swift */; };
		A14078561C0B3FBF0079D030 /* Todo.md in Sources */ = {isa = PBXBuildFile; fileRef = A14078551C0B3FBF0079D030 /* Todo.md */; };
		A14078591C0C9C6B0079D030 /* BookLibraryTableViewCell.swift in Sources */ = {isa = PBXBuildFile; fileRef = A14078571C0C9C6B0079D030 /* BookLibraryTableViewCell.swift */; };
		A140785A1C0C9C6B0079D030 /* BookLibraryTableViewCell.xib in Resources */ = {isa = PBXBuildFile; fileRef = A14078581C0C9C6B0079D030 /* BookLibraryTableViewCell.xib */; };
		A16114021C1320EF00739B59 /* BookLibraryDataModel.swift in Sources */ = {isa = PBXBuildFile; fileRef = A16114011C1320EF00739B59 /* BookLibraryDataModel.swift */; };
		A16114041C1333C900739B59 /* BookDetailView.xib in Resources */ = {isa = PBXBuildFile; fileRef = A16114031C1333C900739B59 /* BookDetailView.xib */; };
		A16114061C1333FD00739B59 /* BookDetailView.swift in Sources */ = {isa = PBXBuildFile; fileRef = A16114051C1333FD00739B59 /* BookDetailView.swift */; };
		A16114081C13C28F00739B59 /* BookLibraryViewController.swift in Sources */ = {isa = PBXBuildFile; fileRef = A16114071C13C28F00739B59 /* BookLibraryViewController.swift */; };
		A161140A1C13F61E00739B59 /* WishListDataModel.swift in Sources */ = {isa = PBXBuildFile; fileRef = A16114091C13F61E00739B59 /* WishListDataModel.swift */; };
		A161140C1C14033200739B59 /* WishListViewController.swift in Sources */ = {isa = PBXBuildFile; fileRef = A161140B1C14033200739B59 /* WishListViewController.swift */; };
		A161140E1C1436D000739B59 /* ReviewViewController.swift in Sources */ = {isa = PBXBuildFile; fileRef = A161140D1C1436D000739B59 /* ReviewViewController.swift */; };
		A16114101C1436F300739B59 /* RentalViewController.swift in Sources */ = {isa = PBXBuildFile; fileRef = A161140F1C1436F300739B59 /* RentalViewController.swift */; };
		A16114121C144A0100739B59 /* ReviewAccess.swift in Sources */ = {isa = PBXBuildFile; fileRef = A16114111C144A0100739B59 /* ReviewAccess.swift */; };
		A16114151C14689F00739B59 /* ReviewListTableViewCell.swift in Sources */ = {isa = PBXBuildFile; fileRef = A16114131C14689F00739B59 /* ReviewListTableViewCell.swift */; };
		A16114161C14689F00739B59 /* ReviewListTableViewCell.xib in Resources */ = {isa = PBXBuildFile; fileRef = A16114141C14689F00739B59 /* ReviewListTableViewCell.xib */; };
		A16114181C146D1400739B59 /* ReviewDataModel.swift in Sources */ = {isa = PBXBuildFile; fileRef = A16114171C146D1400739B59 /* ReviewDataModel.swift */; };
		A161141A1C146F0100739B59 /* ReviewTableViewController.swift in Sources */ = {isa = PBXBuildFile; fileRef = A16114191C146F0100739B59 /* ReviewTableViewController.swift */; };
		A1BC06FE1C04A4E000CED9AE /* BookSearcherTableViewCell.swift in Sources */ = {isa = PBXBuildFile; fileRef = A1BC06FC1C04A4E000CED9AE /* BookSearcherTableViewCell.swift */; };
		A1BC06FF1C04A4E000CED9AE /* BookSearcherTableViewCell.xib in Resources */ = {isa = PBXBuildFile; fileRef = A1BC06FD1C04A4E000CED9AE /* BookSearcherTableViewCell.xib */; };
		A1BC07011C04B4A900CED9AE /* BookSearcherTableViewLogic.swift in Sources */ = {isa = PBXBuildFile; fileRef = A1BC07001C04B4A900CED9AE /* BookSearcherTableViewLogic.swift */; };
		A1BC07051C0954C600CED9AE /* BookDetailViewController.swift in Sources */ = {isa = PBXBuildFile; fileRef = A1BC07041C0954C600CED9AE /* BookDetailViewController.swift */; };
		A1BC07071C096EA000CED9AE /* Tips.md in Resources */ = {isa = PBXBuildFile; fileRef = A1BC07061C096EA000CED9AE /* Tips.md */; };
		A1BC07091C097E1F00CED9AE /* BookObject.swift in Sources */ = {isa = PBXBuildFile; fileRef = A1BC07081C097E1F00CED9AE /* BookObject.swift */; };
		A1BC070E1C09A31700CED9AE /* RentalObject.swift in Sources */ = {isa = PBXBuildFile; fileRef = A1BC070A1C09A31700CED9AE /* RentalObject.swift */; };
		A1BC070F1C09A31700CED9AE /* ReviewObject.swift in Sources */ = {isa = PBXBuildFile; fileRef = A1BC070B1C09A31700CED9AE /* ReviewObject.swift */; };
		A1BC07101C09A31700CED9AE /* UserObject.swift in Sources */ = {isa = PBXBuildFile; fileRef = A1BC070C1C09A31700CED9AE /* UserObject.swift */; };
		A1BC07111C09A31700CED9AE /* WishListObject.swift in Sources */ = {isa = PBXBuildFile; fileRef = A1BC070D1C09A31700CED9AE /* WishListObject.swift */; };
		A1BC07131C09C4F200CED9AE /* WishListAccess.swift in Sources */ = {isa = PBXBuildFile; fileRef = A1BC07121C09C4F200CED9AE /* WishListAccess.swift */; };
		A1BC07151C09CFC200CED9AE /* DateFunctions.swift in Sources */ = {isa = PBXBuildFile; fileRef = A1BC07141C09CFC200CED9AE /* DateFunctions.swift */; };
		A1BC07171C09EC2800CED9AE /* BookAccess.swift in Sources */ = {isa = PBXBuildFile; fileRef = A1BC07161C09EC2800CED9AE /* BookAccess.swift */; };
		A1BC071A1C09F74500CED9AE /* WishListTableViewCell.swift in Sources */ = {isa = PBXBuildFile; fileRef = A1BC07181C09F74500CED9AE /* WishListTableViewCell.swift */; };
		A1BC071B1C09F74500CED9AE /* WishListTableViewCell.xib in Resources */ = {isa = PBXBuildFile; fileRef = A1BC07191C09F74500CED9AE /* WishListTableViewCell.xib */; };
		A1BC071F1C09FD4400CED9AE /* WishListTableViewController.swift in Sources */ = {isa = PBXBuildFile; fileRef = A1BC071E1C09FD4400CED9AE /* WishListTableViewController.swift */; };
		BBA6875127C94F993BE5A029 /* Pods_BookManager.framework in Frameworks */ = {isa = PBXBuildFile; fileRef = 4B2AA7BA0342966B08623082 /* Pods_BookManager.framework */; };
/* End PBXBuildFile section */

/* Begin PBXContainerItemProxy section */
		A12CF6531C02BDCA009260A7 /* PBXContainerItemProxy */ = {
			isa = PBXContainerItemProxy;
			containerPortal = A12CF6331C02BDC9009260A7 /* Project object */;
			proxyType = 1;
			remoteGlobalIDString = A12CF63A1C02BDC9009260A7;
			remoteInfo = BookManager;
		};
		A12CF65E1C02BDCA009260A7 /* PBXContainerItemProxy */ = {
			isa = PBXContainerItemProxy;
			containerPortal = A12CF6331C02BDC9009260A7 /* Project object */;
			proxyType = 1;
			remoteGlobalIDString = A12CF63A1C02BDC9009260A7;
			remoteInfo = BookManager;
		};
/* End PBXContainerItemProxy section */

/* Begin PBXFileReference section */
		4B2AA7BA0342966B08623082 /* Pods_BookManager.framework */ = {isa = PBXFileReference; explicitFileType = wrapper.framework; includeInIndex = 0; path = Pods_BookManager.framework; sourceTree = BUILT_PRODUCTS_DIR; };
		A10706941C25AFC80005CE7B /* credit.md */ = {isa = PBXFileReference; fileEncoding = 4; lastKnownFileType = net.daringfireball.markdown; path = credit.md; sourceTree = "<group>"; };
		A10706951C25AFC80005CE7B /* Info.plist */ = {isa = PBXFileReference; fileEncoding = 4; lastKnownFileType = text.plist.xml; path = Info.plist; sourceTree = "<group>"; };
		A12CF63B1C02BDC9009260A7 /* BookManager.app */ = {isa = PBXFileReference; explicitFileType = wrapper.application; includeInIndex = 0; path = BookManager.app; sourceTree = BUILT_PRODUCTS_DIR; };
		A12CF6431C02BDC9009260A7 /* Base */ = {isa = PBXFileReference; lastKnownFileType = file.storyboard; name = Base; path = Base.lproj/Main.storyboard; sourceTree = "<group>"; };
		A12CF6481C02BDC9009260A7 /* Assets.xcassets */ = {isa = PBXFileReference; lastKnownFileType = folder.assetcatalog; path = Assets.xcassets; sourceTree = "<group>"; };
		A12CF64B1C02BDC9009260A7 /* Base */ = {isa = PBXFileReference; lastKnownFileType = file.storyboard; name = Base; path = Base.lproj/LaunchScreen.storyboard; sourceTree = "<group>"; };
		A12CF6521C02BDCA009260A7 /* BookManagerTests.xctest */ = {isa = PBXFileReference; explicitFileType = wrapper.cfbundle; includeInIndex = 0; path = BookManagerTests.xctest; sourceTree = BUILT_PRODUCTS_DIR; };
		A12CF6561C02BDCA009260A7 /* BookManagerTests.swift */ = {isa = PBXFileReference; lastKnownFileType = sourcecode.swift; path = BookManagerTests.swift; sourceTree = "<group>"; };
		A12CF6581C02BDCA009260A7 /* Info.plist */ = {isa = PBXFileReference; lastKnownFileType = text.plist.xml; path = Info.plist; sourceTree = "<group>"; };
		A12CF65D1C02BDCA009260A7 /* BookManagerUITests.xctest */ = {isa = PBXFileReference; explicitFileType = wrapper.cfbundle; includeInIndex = 0; path = BookManagerUITests.xctest; sourceTree = BUILT_PRODUCTS_DIR; };
		A12CF6611C02BDCA009260A7 /* BookManagerUITests.swift */ = {isa = PBXFileReference; lastKnownFileType = sourcecode.swift; path = BookManagerUITests.swift; sourceTree = "<group>"; };
		A12CF6631C02BDCA009260A7 /* Info.plist */ = {isa = PBXFileReference; lastKnownFileType = text.plist.xml; path = Info.plist; sourceTree = "<group>"; };
		A12CF6701C02C08C009260A7 /* AppDelegate.swift */ = {isa = PBXFileReference; fileEncoding = 4; lastKnownFileType = sourcecode.swift; path = AppDelegate.swift; sourceTree = "<group>"; };
		A12CF69D1C02C4C3009260A7 /* BookApiModel.swift */ = {isa = PBXFileReference; fileEncoding = 4; lastKnownFileType = sourcecode.swift; path = BookApiModel.swift; sourceTree = "<group>"; };
		A12CF69E1C02C4C3009260A7 /* BookDataModel.swift */ = {isa = PBXFileReference; fileEncoding = 4; lastKnownFileType = sourcecode.swift; path = BookDataModel.swift; sourceTree = "<group>"; };
		A12CF69F1C02C4C3009260A7 /* BookSearchResultModel.swift */ = {isa = PBXFileReference; fileEncoding = 4; lastKnownFileType = sourcecode.swift; path = BookSearchResultModel.swift; sourceTree = "<group>"; };
		A12CF6A31C02C4D2009260A7 /* IsbnReaderView.swift */ = {isa = PBXFileReference; fileEncoding = 4; lastKnownFileType = sourcecode.swift; path = IsbnReaderView.swift; sourceTree = "<group>"; };
		A12CF6A71C02E829009260A7 /* LoginViewController.swift */ = {isa = PBXFileReference; fileEncoding = 4; lastKnownFileType = sourcecode.swift; path = LoginViewController.swift; sourceTree = "<group>"; };
		A12CF6A91C02ED48009260A7 /* HomeStoryboard.storyboard */ = {isa = PBXFileReference; fileEncoding = 4; lastKnownFileType = file.storyboard; path = HomeStoryboard.storyboard; sourceTree = "<group>"; };
		A12CF6AB1C032A56009260A7 /* BookInfoLoaderViewController.swift */ = {isa = PBXFileReference; fileEncoding = 4; lastKnownFileType = sourcecode.swift; path = BookInfoLoaderViewController.swift; sourceTree = "<group>"; };
		A12CF6AD1C032A76009260A7 /* BookSearcherTableViewController.swift */ = {isa = PBXFileReference; fileEncoding = 4; lastKnownFileType = sourcecode.swift; path = BookSearcherTableViewController.swift; sourceTree = "<group>"; };
		A12CF6AF1C032A89009260A7 /* BookLibraryTableViewController.swift */ = {isa = PBXFileReference; fileEncoding = 4; lastKnownFileType = sourcecode.swift; path = BookLibraryTableViewController.swift; sourceTree = "<group>"; };
		A12CF6B31C033CCD009260A7 /* BookInfoLoaderViewLogic.swift */ = {isa = PBXFileReference; fileEncoding = 4; lastKnownFileType = sourcecode.swift; path = BookInfoLoaderViewLogic.swift; sourceTree = "<group>"; };
		A140784B1C0ACF1A0079D030 /* UserRegistViewController.swift */ = {isa = PBXFileReference; fileEncoding = 4; lastKnownFileType = sourcecode.swift; path = UserRegistViewController.swift; sourceTree = "<group>"; };
		A140784D1C0AD3110079D030 /* UserAccess.swift */ = {isa = PBXFileReference; fileEncoding = 4; lastKnownFileType = sourcecode.swift; path = UserAccess.swift; sourceTree = "<group>"; };
		A140784F1C0AFD400079D030 /* UserDefaultFunctions.swift */ = {isa = PBXFileReference; fileEncoding = 4; lastKnownFileType = sourcecode.swift; path = UserDefaultFunctions.swift; sourceTree = "<group>"; };
		A14078511C0B05FB0079D030 /* LibraryAccess.swift */ = {isa = PBXFileReference; fileEncoding = 4; lastKnownFileType = sourcecode.swift; path = LibraryAccess.swift; sourceTree = "<group>"; };
		A14078531C0B09050079D030 /* LibraryObject.swift */ = {isa = PBXFileReference; fileEncoding = 4; lastKnownFileType = sourcecode.swift; path = LibraryObject.swift; sourceTree = "<group>"; };
		A14078551C0B3FBF0079D030 /* Todo.md */ = {isa = PBXFileReference; fileEncoding = 4; lastKnownFileType = net.daringfireball.markdown; path = Todo.md; sourceTree = "<group>"; };
		A14078571C0C9C6B0079D030 /* BookLibraryTableViewCell.swift */ = {isa = PBXFileReference; fileEncoding = 4; lastKnownFileType = sourcecode.swift; path = BookLibraryTableViewCell.swift; sourceTree = "<group>"; };
		A14078581C0C9C6B0079D030 /* BookLibraryTableViewCell.xib */ = {isa = PBXFileReference; fileEncoding = 4; lastKnownFileType = file.xib; path = BookLibraryTableViewCell.xib; sourceTree = "<group>"; };
		A16114011C1320EF00739B59 /* BookLibraryDataModel.swift */ = {isa = PBXFileReference; fileEncoding = 4; lastKnownFileType = sourcecode.swift; path = BookLibraryDataModel.swift; sourceTree = "<group>"; };
		A16114031C1333C900739B59 /* BookDetailView.xib */ = {isa = PBXFileReference; fileEncoding = 4; lastKnownFileType = file.xib; path = BookDetailView.xib; sourceTree = "<group>"; };
		A16114051C1333FD00739B59 /* BookDetailView.swift */ = {isa = PBXFileReference; fileEncoding = 4; lastKnownFileType = sourcecode.swift; path = BookDetailView.swift; sourceTree = "<group>"; };
		A16114071C13C28F00739B59 /* BookLibraryViewController.swift */ = {isa = PBXFileReference; fileEncoding = 4; lastKnownFileType = sourcecode.swift; path = BookLibraryViewController.swift; sourceTree = "<group>"; };
		A16114091C13F61E00739B59 /* WishListDataModel.swift */ = {isa = PBXFileReference; fileEncoding = 4; lastKnownFileType = sourcecode.swift; path = WishListDataModel.swift; sourceTree = "<group>"; };
		A161140B1C14033200739B59 /* WishListViewController.swift */ = {isa = PBXFileReference; fileEncoding = 4; lastKnownFileType = sourcecode.swift; path = WishListViewController.swift; sourceTree = "<group>"; };
		A161140D1C1436D000739B59 /* ReviewViewController.swift */ = {isa = PBXFileReference; fileEncoding = 4; lastKnownFileType = sourcecode.swift; path = ReviewViewController.swift; sourceTree = "<group>"; };
		A161140F1C1436F300739B59 /* RentalViewController.swift */ = {isa = PBXFileReference; fileEncoding = 4; lastKnownFileType = sourcecode.swift; path = RentalViewController.swift; sourceTree = "<group>"; };
		A16114111C144A0100739B59 /* ReviewAccess.swift */ = {isa = PBXFileReference; fileEncoding = 4; lastKnownFileType = sourcecode.swift; path = ReviewAccess.swift; sourceTree = "<group>"; };
		A16114131C14689F00739B59 /* ReviewListTableViewCell.swift */ = {isa = PBXFileReference; fileEncoding = 4; lastKnownFileType = sourcecode.swift; path = ReviewListTableViewCell.swift; sourceTree = "<group>"; };
		A16114141C14689F00739B59 /* ReviewListTableViewCell.xib */ = {isa = PBXFileReference; fileEncoding = 4; lastKnownFileType = file.xib; path = ReviewListTableViewCell.xib; sourceTree = "<group>"; };
		A16114171C146D1400739B59 /* ReviewDataModel.swift */ = {isa = PBXFileReference; fileEncoding = 4; lastKnownFileType = sourcecode.swift; path = ReviewDataModel.swift; sourceTree = "<group>"; };
		A16114191C146F0100739B59 /* ReviewTableViewController.swift */ = {isa = PBXFileReference; fileEncoding = 4; lastKnownFileType = sourcecode.swift; path = ReviewTableViewController.swift; sourceTree = "<group>"; };
		A1BC06FC1C04A4E000CED9AE /* BookSearcherTableViewCell.swift */ = {isa = PBXFileReference; fileEncoding = 4; lastKnownFileType = sourcecode.swift; path = BookSearcherTableViewCell.swift; sourceTree = "<group>"; };
		A1BC06FD1C04A4E000CED9AE /* BookSearcherTableViewCell.xib */ = {isa = PBXFileReference; fileEncoding = 4; lastKnownFileType = file.xib; path = BookSearcherTableViewCell.xib; sourceTree = "<group>"; };
		A1BC07001C04B4A900CED9AE /* BookSearcherTableViewLogic.swift */ = {isa = PBXFileReference; fileEncoding = 4; lastKnownFileType = sourcecode.swift; path = BookSearcherTableViewLogic.swift; sourceTree = "<group>"; };
		A1BC07041C0954C600CED9AE /* BookDetailViewController.swift */ = {isa = PBXFileReference; fileEncoding = 4; lastKnownFileType = sourcecode.swift; path = BookDetailViewController.swift; sourceTree = "<group>"; };
		A1BC07061C096EA000CED9AE /* Tips.md */ = {isa = PBXFileReference; fileEncoding = 4; lastKnownFileType = net.daringfireball.markdown; path = Tips.md; sourceTree = "<group>"; };
		A1BC07081C097E1F00CED9AE /* BookObject.swift */ = {isa = PBXFileReference; fileEncoding = 4; lastKnownFileType = sourcecode.swift; path = BookObject.swift; sourceTree = "<group>"; };
		A1BC070A1C09A31700CED9AE /* RentalObject.swift */ = {isa = PBXFileReference; fileEncoding = 4; lastKnownFileType = sourcecode.swift; path = RentalObject.swift; sourceTree = "<group>"; };
		A1BC070B1C09A31700CED9AE /* ReviewObject.swift */ = {isa = PBXFileReference; fileEncoding = 4; lastKnownFileType = sourcecode.swift; path = ReviewObject.swift; sourceTree = "<group>"; };
		A1BC070C1C09A31700CED9AE /* UserObject.swift */ = {isa = PBXFileReference; fileEncoding = 4; lastKnownFileType = sourcecode.swift; path = UserObject.swift; sourceTree = "<group>"; };
		A1BC070D1C09A31700CED9AE /* WishListObject.swift */ = {isa = PBXFileReference; fileEncoding = 4; lastKnownFileType = sourcecode.swift; path = WishListObject.swift; sourceTree = "<group>"; };
		A1BC07121C09C4F200CED9AE /* WishListAccess.swift */ = {isa = PBXFileReference; fileEncoding = 4; lastKnownFileType = sourcecode.swift; path = WishListAccess.swift; sourceTree = "<group>"; };
		A1BC07141C09CFC200CED9AE /* DateFunctions.swift */ = {isa = PBXFileReference; fileEncoding = 4; lastKnownFileType = sourcecode.swift; path = DateFunctions.swift; sourceTree = "<group>"; };
		A1BC07161C09EC2800CED9AE /* BookAccess.swift */ = {isa = PBXFileReference; fileEncoding = 4; lastKnownFileType = sourcecode.swift; path = BookAccess.swift; sourceTree = "<group>"; };
		A1BC07181C09F74500CED9AE /* WishListTableViewCell.swift */ = {isa = PBXFileReference; fileEncoding = 4; lastKnownFileType = sourcecode.swift; path = WishListTableViewCell.swift; sourceTree = "<group>"; };
		A1BC07191C09F74500CED9AE /* WishListTableViewCell.xib */ = {isa = PBXFileReference; fileEncoding = 4; lastKnownFileType = file.xib; path = WishListTableViewCell.xib; sourceTree = "<group>"; };
		A1BC071E1C09FD4400CED9AE /* WishListTableViewController.swift */ = {isa = PBXFileReference; fileEncoding = 4; lastKnownFileType = sourcecode.swift; path = WishListTableViewController.swift; sourceTree = "<group>"; };
		C2CC2E6C7A36387C89A755E9 /* Pods-BookManager.debug.xcconfig */ = {isa = PBXFileReference; includeInIndex = 1; lastKnownFileType = text.xcconfig; name = "Pods-BookManager.debug.xcconfig"; path = "Pods/Target Support Files/Pods-BookManager/Pods-BookManager.debug.xcconfig"; sourceTree = "<group>"; };
		F2C27330D751B1FEF6F0D0BB /* Pods-BookManager.release.xcconfig */ = {isa = PBXFileReference; includeInIndex = 1; lastKnownFileType = text.xcconfig; name = "Pods-BookManager.release.xcconfig"; path = "Pods/Target Support Files/Pods-BookManager/Pods-BookManager.release.xcconfig"; sourceTree = "<group>"; };
/* End PBXFileReference section */

/* Begin PBXFrameworksBuildPhase section */
		A12CF6381C02BDC9009260A7 /* Frameworks */ = {
			isa = PBXFrameworksBuildPhase;
			buildActionMask = 2147483647;
			files = (
				BBA6875127C94F993BE5A029 /* Pods_BookManager.framework in Frameworks */,
			);
			runOnlyForDeploymentPostprocessing = 0;
		};
		A12CF64F1C02BDCA009260A7 /* Frameworks */ = {
			isa = PBXFrameworksBuildPhase;
			buildActionMask = 2147483647;
			files = (
			);
			runOnlyForDeploymentPostprocessing = 0;
		};
		A12CF65A1C02BDCA009260A7 /* Frameworks */ = {
			isa = PBXFrameworksBuildPhase;
			buildActionMask = 2147483647;
			files = (
			);
			runOnlyForDeploymentPostprocessing = 0;
		};
/* End PBXFrameworksBuildPhase section */

/* Begin PBXGroup section */
		8667299A8E272EE42718DB58 /* Frameworks */ = {
			isa = PBXGroup;
			children = (
				4B2AA7BA0342966B08623082 /* Pods_BookManager.framework */,
			);
			name = Frameworks;
			sourceTree = "<group>";
		};
		A10706931C25AFC80005CE7B /* Supporting Files */ = {
			isa = PBXGroup;
			children = (
				A10706941C25AFC80005CE7B /* credit.md */,
				A10706951C25AFC80005CE7B /* Info.plist */,
			);
			path = "Supporting Files";
			sourceTree = "<group>";
		};
		A12CF6321C02BDC9009260A7 = {
			isa = PBXGroup;
			children = (
				A12CF63D1C02BDC9009260A7 /* BookManager */,
				A12CF6551C02BDCA009260A7 /* BookManagerTests */,
				A12CF6601C02BDCA009260A7 /* BookManagerUITests */,
				A12CF63C1C02BDC9009260A7 /* Products */,
				BDCF6D1FC2DB86FA43E20AAD /* Pods */,
				8667299A8E272EE42718DB58 /* Frameworks */,
			);
			sourceTree = "<group>";
		};
		A12CF63C1C02BDC9009260A7 /* Products */ = {
			isa = PBXGroup;
			children = (
				A12CF63B1C02BDC9009260A7 /* BookManager.app */,
				A12CF6521C02BDCA009260A7 /* BookManagerTests.xctest */,
				A12CF65D1C02BDCA009260A7 /* BookManagerUITests.xctest */,
			);
			name = Products;
			sourceTree = "<group>";
		};
		A12CF63D1C02BDC9009260A7 /* BookManager */ = {
			isa = PBXGroup;
			children = (
				A1BC07061C096EA000CED9AE /* Tips.md */,
				A14078551C0B3FBF0079D030 /* Todo.md */,
				A12CF66F1C02C08C009260A7 /* Classes */,
				A10706931C25AFC80005CE7B /* Supporting Files */,
				A12CF6481C02BDC9009260A7 /* Assets.xcassets */,
				A12CF6421C02BDC9009260A7 /* Main.storyboard */,
				A12CF64A1C02BDC9009260A7 /* LaunchScreen.storyboard */,
			);
			path = BookManager;
			sourceTree = "<group>";
		};
		A12CF6551C02BDCA009260A7 /* BookManagerTests */ = {
			isa = PBXGroup;
			children = (
				A12CF6561C02BDCA009260A7 /* BookManagerTests.swift */,
				A12CF6581C02BDCA009260A7 /* Info.plist */,
			);
			path = BookManagerTests;
			sourceTree = "<group>";
		};
		A12CF6601C02BDCA009260A7 /* BookManagerUITests */ = {
			isa = PBXGroup;
			children = (
				A12CF6611C02BDCA009260A7 /* BookManagerUITests.swift */,
				A12CF6631C02BDCA009260A7 /* Info.plist */,
			);
			path = BookManagerUITests;
			sourceTree = "<group>";
		};
		A12CF66F1C02C08C009260A7 /* Classes */ = {
			isa = PBXGroup;
			children = (
				A12CF6701C02C08C009260A7 /* AppDelegate.swift */,
				A12CF6711C02C08C009260A7 /* Entities */,
				A12CF6761C02C08C009260A7 /* Models */,
				A12CF67B1C02C08D009260A7 /* ViewControllers */,
				A12CF67D1C02C08D009260A7 /* Views */,
				A12CF67C1C02C08D009260A7 /* ViewLogics */,
				A12CF6751C02C08C009260A7 /* Functions */,
				A12CF6741C02C08C009260A7 /* Extensions */,
				A12CF6781C02C08C009260A7 /* Modules */,
			);
			path = Classes;
			sourceTree = "<group>";
		};
		A12CF6711C02C08C009260A7 /* Entities */ = {
			isa = PBXGroup;
			children = (
				A1BC07081C097E1F00CED9AE /* BookObject.swift */,
				A1BC070C1C09A31700CED9AE /* UserObject.swift */,
				A1BC070D1C09A31700CED9AE /* WishListObject.swift */,
				A14078531C0B09050079D030 /* LibraryObject.swift */,
				A1BC070A1C09A31700CED9AE /* RentalObject.swift */,
				A1BC070B1C09A31700CED9AE /* ReviewObject.swift */,
			);
			path = Entities;
			sourceTree = "<group>";
		};
		A12CF6741C02C08C009260A7 /* Extensions */ = {
			isa = PBXGroup;
			children = (
			);
			path = Extensions;
			sourceTree = "<group>";
		};
		A12CF6751C02C08C009260A7 /* Functions */ = {
			isa = PBXGroup;
			children = (
				A1BC07141C09CFC200CED9AE /* DateFunctions.swift */,
				A140784F1C0AFD400079D030 /* UserDefaultFunctions.swift */,
			);
			path = Functions;
			sourceTree = "<group>";
		};
		A12CF6761C02C08C009260A7 /* Models */ = {
			isa = PBXGroup;
			children = (
				A12CF6771C02C08C009260A7 /* Database */,
				A12CF69D1C02C4C3009260A7 /* BookApiModel.swift */,
				A12CF69E1C02C4C3009260A7 /* BookDataModel.swift */,
				A12CF69F1C02C4C3009260A7 /* BookSearchResultModel.swift */,
				A16114011C1320EF00739B59 /* BookLibraryDataModel.swift */,
				A16114091C13F61E00739B59 /* WishListDataModel.swift */,
				A16114171C146D1400739B59 /* ReviewDataModel.swift */,
			);
			path = Models;
			sourceTree = "<group>";
		};
		A12CF6771C02C08C009260A7 /* Database */ = {
			isa = PBXGroup;
			children = (
				A1BC07161C09EC2800CED9AE /* BookAccess.swift */,
				A140784D1C0AD3110079D030 /* UserAccess.swift */,
				A1BC07121C09C4F200CED9AE /* WishListAccess.swift */,
				A14078511C0B05FB0079D030 /* LibraryAccess.swift */,
				A16114111C144A0100739B59 /* ReviewAccess.swift */,
			);
			path = Database;
			sourceTree = "<group>";
		};
		A12CF6781C02C08C009260A7 /* Modules */ = {
			isa = PBXGroup;
			children = (
			);
			path = Modules;
			sourceTree = "<group>";
		};
		A12CF67B1C02C08D009260A7 /* ViewControllers */ = {
			isa = PBXGroup;
			children = (
				A12CF6A71C02E829009260A7 /* LoginViewController.swift */,
				A140784B1C0ACF1A0079D030 /* UserRegistViewController.swift */,
				A12CF6A91C02ED48009260A7 /* HomeStoryboard.storyboard */,
				A1BC07041C0954C600CED9AE /* BookDetailViewController.swift */,
				A12CF6AB1C032A56009260A7 /* BookInfoLoaderViewController.swift */,
				A12CF6AD1C032A76009260A7 /* BookSearcherTableViewController.swift */,
				A12CF6AF1C032A89009260A7 /* BookLibraryTableViewController.swift */,
				A16114071C13C28F00739B59 /* BookLibraryViewController.swift */,
				A1BC071E1C09FD4400CED9AE /* WishListTableViewController.swift */,
				A161140B1C14033200739B59 /* WishListViewController.swift */,
				A161140D1C1436D000739B59 /* ReviewViewController.swift */,
				A161140F1C1436F300739B59 /* RentalViewController.swift */,
				A16114191C146F0100739B59 /* ReviewTableViewController.swift */,
			);
			path = ViewControllers;
			sourceTree = "<group>";
		};
		A12CF67C1C02C08D009260A7 /* ViewLogics */ = {
			isa = PBXGroup;
			children = (
				A12CF6B31C033CCD009260A7 /* BookInfoLoaderViewLogic.swift */,
				A1BC07001C04B4A900CED9AE /* BookSearcherTableViewLogic.swift */,
			);
			path = ViewLogics;
			sourceTree = "<group>";
		};
		A12CF67D1C02C08D009260A7 /* Views */ = {
			isa = PBXGroup;
			children = (
				A12CF67E1C02C08D009260A7 /* TableViewCells */,
				A12CF6A31C02C4D2009260A7 /* IsbnReaderView.swift */,
				A16114031C1333C900739B59 /* BookDetailView.xib */,
				A16114051C1333FD00739B59 /* BookDetailView.swift */,
			);
			path = Views;
			sourceTree = "<group>";
		};
		A12CF67E1C02C08D009260A7 /* TableViewCells */ = {
			isa = PBXGroup;
			children = (
				A1BC06FC1C04A4E000CED9AE /* BookSearcherTableViewCell.swift */,
				A1BC06FD1C04A4E000CED9AE /* BookSearcherTableViewCell.xib */,
				A1BC07181C09F74500CED9AE /* WishListTableViewCell.swift */,
				A1BC07191C09F74500CED9AE /* WishListTableViewCell.xib */,
				A14078571C0C9C6B0079D030 /* BookLibraryTableViewCell.swift */,
				A14078581C0C9C6B0079D030 /* BookLibraryTableViewCell.xib */,
				A16114131C14689F00739B59 /* ReviewListTableViewCell.swift */,
				A16114141C14689F00739B59 /* ReviewListTableViewCell.xib */,
			);
			path = TableViewCells;
			sourceTree = "<group>";
		};
		BDCF6D1FC2DB86FA43E20AAD /* Pods */ = {
			isa = PBXGroup;
			children = (
				C2CC2E6C7A36387C89A755E9 /* Pods-BookManager.debug.xcconfig */,
				F2C27330D751B1FEF6F0D0BB /* Pods-BookManager.release.xcconfig */,
			);
			name = Pods;
			sourceTree = "<group>";
		};
/* End PBXGroup section */

/* Begin PBXNativeTarget section */
		A12CF63A1C02BDC9009260A7 /* BookManager */ = {
			isa = PBXNativeTarget;
			buildConfigurationList = A12CF6661C02BDCA009260A7 /* Build configuration list for PBXNativeTarget "BookManager" */;
			buildPhases = (
				4EF15A203702D6980E649175 /* Check Pods Manifest.lock */,
				A12CF6371C02BDC9009260A7 /* Sources */,
				A12CF6381C02BDC9009260A7 /* Frameworks */,
				A12CF6391C02BDC9009260A7 /* Resources */,
				B2D464AC380B2D7A03DD24FC /* Embed Pods Frameworks */,
				BAA26147DF83A7E198BE18F7 /* Copy Pods Resources */,
			);
			buildRules = (
			);
			dependencies = (
			);
			name = BookManager;
			productName = BookManager;
			productReference = A12CF63B1C02BDC9009260A7 /* BookManager.app */;
			productType = "com.apple.product-type.application";
		};
		A12CF6511C02BDCA009260A7 /* BookManagerTests */ = {
			isa = PBXNativeTarget;
			buildConfigurationList = A12CF6691C02BDCA009260A7 /* Build configuration list for PBXNativeTarget "BookManagerTests" */;
			buildPhases = (
				A12CF64E1C02BDCA009260A7 /* Sources */,
				A12CF64F1C02BDCA009260A7 /* Frameworks */,
				A12CF6501C02BDCA009260A7 /* Resources */,
			);
			buildRules = (
			);
			dependencies = (
				A12CF6541C02BDCA009260A7 /* PBXTargetDependency */,
			);
			name = BookManagerTests;
			productName = BookManagerTests;
			productReference = A12CF6521C02BDCA009260A7 /* BookManagerTests.xctest */;
			productType = "com.apple.product-type.bundle.unit-test";
		};
		A12CF65C1C02BDCA009260A7 /* BookManagerUITests */ = {
			isa = PBXNativeTarget;
			buildConfigurationList = A12CF66C1C02BDCA009260A7 /* Build configuration list for PBXNativeTarget "BookManagerUITests" */;
			buildPhases = (
				A12CF6591C02BDCA009260A7 /* Sources */,
				A12CF65A1C02BDCA009260A7 /* Frameworks */,
				A12CF65B1C02BDCA009260A7 /* Resources */,
			);
			buildRules = (
			);
			dependencies = (
				A12CF65F1C02BDCA009260A7 /* PBXTargetDependency */,
			);
			name = BookManagerUITests;
			productName = BookManagerUITests;
			productReference = A12CF65D1C02BDCA009260A7 /* BookManagerUITests.xctest */;
			productType = "com.apple.product-type.bundle.ui-testing";
		};
/* End PBXNativeTarget section */

/* Begin PBXProject section */
		A12CF6331C02BDC9009260A7 /* Project object */ = {
			isa = PBXProject;
			attributes = {
				LastSwiftUpdateCheck = 0710;
				LastUpgradeCheck = 0710;
				ORGANIZATIONNAME = "takayuki-hara";
				TargetAttributes = {
					A12CF63A1C02BDC9009260A7 = {
						CreatedOnToolsVersion = 7.1.1;
						DevelopmentTeam = LHKFAYMQF2;
					};
					A12CF6511C02BDCA009260A7 = {
						CreatedOnToolsVersion = 7.1.1;
						DevelopmentTeam = LHKFAYMQF2;
						TestTargetID = A12CF63A1C02BDC9009260A7;
					};
					A12CF65C1C02BDCA009260A7 = {
						CreatedOnToolsVersion = 7.1.1;
						DevelopmentTeam = LHKFAYMQF2;
						TestTargetID = A12CF63A1C02BDC9009260A7;
					};
				};
			};
			buildConfigurationList = A12CF6361C02BDC9009260A7 /* Build configuration list for PBXProject "BookManager" */;
			compatibilityVersion = "Xcode 3.2";
			developmentRegion = English;
			hasScannedForEncodings = 0;
			knownRegions = (
				en,
				Base,
			);
			mainGroup = A12CF6321C02BDC9009260A7;
			productRefGroup = A12CF63C1C02BDC9009260A7 /* Products */;
			projectDirPath = "";
			projectRoot = "";
			targets = (
				A12CF63A1C02BDC9009260A7 /* BookManager */,
				A12CF6511C02BDCA009260A7 /* BookManagerTests */,
				A12CF65C1C02BDCA009260A7 /* BookManagerUITests */,
			);
		};
/* End PBXProject section */

/* Begin PBXResourcesBuildPhase section */
		A12CF6391C02BDC9009260A7 /* Resources */ = {
			isa = PBXResourcesBuildPhase;
			buildActionMask = 2147483647;
			files = (
				A12CF6AA1C02ED48009260A7 /* HomeStoryboard.storyboard in Resources */,
				A16114041C1333C900739B59 /* BookDetailView.xib in Resources */,
				A1BC07071C096EA000CED9AE /* Tips.md in Resources */,
				A12CF64C1C02BDC9009260A7 /* LaunchScreen.storyboard in Resources */,
				A1BC071B1C09F74500CED9AE /* WishListTableViewCell.xib in Resources */,
				A12CF6491C02BDC9009260A7 /* Assets.xcassets in Resources */,
				A140785A1C0C9C6B0079D030 /* BookLibraryTableViewCell.xib in Resources */,
				A12CF6441C02BDC9009260A7 /* Main.storyboard in Resources */,
				A16114161C14689F00739B59 /* ReviewListTableViewCell.xib in Resources */,
				A1BC06FF1C04A4E000CED9AE /* BookSearcherTableViewCell.xib in Resources */,
			);
			runOnlyForDeploymentPostprocessing = 0;
		};
		A12CF6501C02BDCA009260A7 /* Resources */ = {
			isa = PBXResourcesBuildPhase;
			buildActionMask = 2147483647;
			files = (
			);
			runOnlyForDeploymentPostprocessing = 0;
		};
		A12CF65B1C02BDCA009260A7 /* Resources */ = {
			isa = PBXResourcesBuildPhase;
			buildActionMask = 2147483647;
			files = (
			);
			runOnlyForDeploymentPostprocessing = 0;
		};
/* End PBXResourcesBuildPhase section */

/* Begin PBXShellScriptBuildPhase section */
		4EF15A203702D6980E649175 /* Check Pods Manifest.lock */ = {
			isa = PBXShellScriptBuildPhase;
			buildActionMask = 2147483647;
			files = (
			);
			inputPaths = (
			);
			name = "Check Pods Manifest.lock";
			outputPaths = (
			);
			runOnlyForDeploymentPostprocessing = 0;
			shellPath = /bin/sh;
			shellScript = "diff \"${PODS_ROOT}/../Podfile.lock\" \"${PODS_ROOT}/Manifest.lock\" > /dev/null\nif [[ $? != 0 ]] ; then\n    cat << EOM\nerror: The sandbox is not in sync with the Podfile.lock. Run 'pod install' or update your CocoaPods installation.\nEOM\n    exit 1\nfi\n";
			showEnvVarsInLog = 0;
		};
		B2D464AC380B2D7A03DD24FC /* Embed Pods Frameworks */ = {
			isa = PBXShellScriptBuildPhase;
			buildActionMask = 2147483647;
			files = (
			);
			inputPaths = (
			);
			name = "Embed Pods Frameworks";
			outputPaths = (
			);
			runOnlyForDeploymentPostprocessing = 0;
			shellPath = /bin/sh;
			shellScript = "\"${SRCROOT}/Pods/Target Support Files/Pods-BookManager/Pods-BookManager-frameworks.sh\"\n";
			showEnvVarsInLog = 0;
		};
		BAA26147DF83A7E198BE18F7 /* Copy Pods Resources */ = {
			isa = PBXShellScriptBuildPhase;
			buildActionMask = 2147483647;
			files = (
			);
			inputPaths = (
			);
			name = "Copy Pods Resources";
			outputPaths = (
			);
			runOnlyForDeploymentPostprocessing = 0;
			shellPath = /bin/sh;
			shellScript = "\"${SRCROOT}/Pods/Target Support Files/Pods-BookManager/Pods-BookManager-resources.sh\"\n";
			showEnvVarsInLog = 0;
		};
/* End PBXShellScriptBuildPhase section */

/* Begin PBXSourcesBuildPhase section */
		A12CF6371C02BDC9009260A7 /* Sources */ = {
			isa = PBXSourcesBuildPhase;
			buildActionMask = 2147483647;
			files = (
				A1BC071F1C09FD4400CED9AE /* WishListTableViewController.swift in Sources */,
				A161140C1C14033200739B59 /* WishListViewController.swift in Sources */,
				A1BC07171C09EC2800CED9AE /* BookAccess.swift in Sources */,
				A16114081C13C28F00739B59 /* BookLibraryViewController.swift in Sources */,
				A14078591C0C9C6B0079D030 /* BookLibraryTableViewCell.swift in Sources */,
				A16114101C1436F300739B59 /* RentalViewController.swift in Sources */,
				A14078541C0B09050079D030 /* LibraryObject.swift in Sources */,
				A16114121C144A0100739B59 /* ReviewAccess.swift in Sources */,
				A14078501C0AFD400079D030 /* UserDefaultFunctions.swift in Sources */,
				A10706961C25AFC80005CE7B /* credit.md in Sources */,
				A161140A1C13F61E00739B59 /* WishListDataModel.swift in Sources */,
				A1BC070E1C09A31700CED9AE /* RentalObject.swift in Sources */,
				A1BC06FE1C04A4E000CED9AE /* BookSearcherTableViewCell.swift in Sources */,
				A12CF67F1C02C08D009260A7 /* AppDelegate.swift in Sources */,
				A16114061C1333FD00739B59 /* BookDetailView.swift in Sources */,
				A140784C1C0ACF1A0079D030 /* UserRegistViewController.swift in Sources */,
				A12CF6AC1C032A56009260A7 /* BookInfoLoaderViewController.swift in Sources */,
				A1BC07091C097E1F00CED9AE /* BookObject.swift in Sources */,
				A140784E1C0AD3110079D030 /* UserAccess.swift in Sources */,
				A1BC07111C09A31700CED9AE /* WishListObject.swift in Sources */,
				A1BC07051C0954C600CED9AE /* BookDetailViewController.swift in Sources */,
				A1BC070F1C09A31700CED9AE /* ReviewObject.swift in Sources */,
				A16114181C146D1400739B59 /* ReviewDataModel.swift in Sources */,
				A12CF6A81C02E829009260A7 /* LoginViewController.swift in Sources */,
				A14078521C0B05FB0079D030 /* LibraryAccess.swift in Sources */,
				A12CF6AE1C032A76009260A7 /* BookSearcherTableViewController.swift in Sources */,
				A12CF6A11C02C4C3009260A7 /* BookDataModel.swift in Sources */,
				A161141A1C146F0100739B59 /* ReviewTableViewController.swift in Sources */,
				A12CF6B01C032A89009260A7 /* BookLibraryTableViewController.swift in Sources */,
				A1BC07101C09A31700CED9AE /* UserObject.swift in Sources */,
				A1BC07151C09CFC200CED9AE /* DateFunctions.swift in Sources */,
				A161140E1C1436D000739B59 /* ReviewViewController.swift in Sources */,
				A16114151C14689F00739B59 /* ReviewListTableViewCell.swift in Sources */,
				A12CF6A21C02C4C3009260A7 /* BookSearchResultModel.swift in Sources */,
				A14078561C0B3FBF0079D030 /* Todo.md in Sources */,
				A1BC07011C04B4A900CED9AE /* BookSearcherTableViewLogic.swift in Sources */,
				A16114021C1320EF00739B59 /* BookLibraryDataModel.swift in Sources */,
				A12CF6A41C02C4D2009260A7 /* IsbnReaderView.swift in Sources */,
				A1BC071A1C09F74500CED9AE /* WishListTableViewCell.swift in Sources */,
				A12CF6B41C033CCD009260A7 /* BookInfoLoaderViewLogic.swift in Sources */,
				A1BC07131C09C4F200CED9AE /* WishListAccess.swift in Sources */,
				A12CF6A01C02C4C3009260A7 /* BookApiModel.swift in Sources */,
			);
			runOnlyForDeploymentPostprocessing = 0;
		};
		A12CF64E1C02BDCA009260A7 /* Sources */ = {
			isa = PBXSourcesBuildPhase;
			buildActionMask = 2147483647;
			files = (
				A12CF6571C02BDCA009260A7 /* BookManagerTests.swift in Sources */,
			);
			runOnlyForDeploymentPostprocessing = 0;
		};
		A12CF6591C02BDCA009260A7 /* Sources */ = {
			isa = PBXSourcesBuildPhase;
			buildActionMask = 2147483647;
			files = (
				A12CF6621C02BDCA009260A7 /* BookManagerUITests.swift in Sources */,
			);
			runOnlyForDeploymentPostprocessing = 0;
		};
/* End PBXSourcesBuildPhase section */

/* Begin PBXTargetDependency section */
		A12CF6541C02BDCA009260A7 /* PBXTargetDependency */ = {
			isa = PBXTargetDependency;
			target = A12CF63A1C02BDC9009260A7 /* BookManager */;
			targetProxy = A12CF6531C02BDCA009260A7 /* PBXContainerItemProxy */;
		};
		A12CF65F1C02BDCA009260A7 /* PBXTargetDependency */ = {
			isa = PBXTargetDependency;
			target = A12CF63A1C02BDC9009260A7 /* BookManager */;
			targetProxy = A12CF65E1C02BDCA009260A7 /* PBXContainerItemProxy */;
		};
/* End PBXTargetDependency section */

/* Begin PBXVariantGroup section */
		A12CF6421C02BDC9009260A7 /* Main.storyboard */ = {
			isa = PBXVariantGroup;
			children = (
				A12CF6431C02BDC9009260A7 /* Base */,
			);
			name = Main.storyboard;
			sourceTree = "<group>";
		};
		A12CF64A1C02BDC9009260A7 /* LaunchScreen.storyboard */ = {
			isa = PBXVariantGroup;
			children = (
				A12CF64B1C02BDC9009260A7 /* Base */,
			);
			name = LaunchScreen.storyboard;
			sourceTree = "<group>";
		};
/* End PBXVariantGroup section */

/* Begin XCBuildConfiguration section */
		A12CF6641C02BDCA009260A7 /* Debug */ = {
			isa = XCBuildConfiguration;
			buildSettings = {
				ALWAYS_SEARCH_USER_PATHS = NO;
				CLANG_CXX_LANGUAGE_STANDARD = "gnu++0x";
				CLANG_CXX_LIBRARY = "libc++";
				CLANG_ENABLE_MODULES = YES;
				CLANG_ENABLE_OBJC_ARC = YES;
				CLANG_WARN_BOOL_CONVERSION = YES;
				CLANG_WARN_CONSTANT_CONVERSION = YES;
				CLANG_WARN_DIRECT_OBJC_ISA_USAGE = YES_ERROR;
				CLANG_WARN_EMPTY_BODY = YES;
				CLANG_WARN_ENUM_CONVERSION = YES;
				CLANG_WARN_INT_CONVERSION = YES;
				CLANG_WARN_OBJC_ROOT_CLASS = YES_ERROR;
				CLANG_WARN_UNREACHABLE_CODE = YES;
				CLANG_WARN__DUPLICATE_METHOD_MATCH = YES;
				"CODE_SIGN_IDENTITY[sdk=iphoneos*]" = "iPhone Developer";
				COPY_PHASE_STRIP = NO;
				DEBUG_INFORMATION_FORMAT = dwarf;
				ENABLE_STRICT_OBJC_MSGSEND = YES;
				ENABLE_TESTABILITY = YES;
				GCC_C_LANGUAGE_STANDARD = gnu99;
				GCC_DYNAMIC_NO_PIC = NO;
				GCC_NO_COMMON_BLOCKS = YES;
				GCC_OPTIMIZATION_LEVEL = 0;
				GCC_PREPROCESSOR_DEFINITIONS = (
					"DEBUG=1",
					"$(inherited)",
				);
				GCC_WARN_64_TO_32_BIT_CONVERSION = YES;
				GCC_WARN_ABOUT_RETURN_TYPE = YES_ERROR;
				GCC_WARN_UNDECLARED_SELECTOR = YES;
				GCC_WARN_UNINITIALIZED_AUTOS = YES_AGGRESSIVE;
				GCC_WARN_UNUSED_FUNCTION = YES;
				GCC_WARN_UNUSED_VARIABLE = YES;
				IPHONEOS_DEPLOYMENT_TARGET = 9.1;
				MTL_ENABLE_DEBUG_INFO = YES;
				ONLY_ACTIVE_ARCH = YES;
				SDKROOT = iphoneos;
				SWIFT_OPTIMIZATION_LEVEL = "-Onone";
				TARGETED_DEVICE_FAMILY = "1,2";
			};
			name = Debug;
		};
		A12CF6651C02BDCA009260A7 /* Release */ = {
			isa = XCBuildConfiguration;
			buildSettings = {
				ALWAYS_SEARCH_USER_PATHS = NO;
				CLANG_CXX_LANGUAGE_STANDARD = "gnu++0x";
				CLANG_CXX_LIBRARY = "libc++";
				CLANG_ENABLE_MODULES = YES;
				CLANG_ENABLE_OBJC_ARC = YES;
				CLANG_WARN_BOOL_CONVERSION = YES;
				CLANG_WARN_CONSTANT_CONVERSION = YES;
				CLANG_WARN_DIRECT_OBJC_ISA_USAGE = YES_ERROR;
				CLANG_WARN_EMPTY_BODY = YES;
				CLANG_WARN_ENUM_CONVERSION = YES;
				CLANG_WARN_INT_CONVERSION = YES;
				CLANG_WARN_OBJC_ROOT_CLASS = YES_ERROR;
				CLANG_WARN_UNREACHABLE_CODE = YES;
				CLANG_WARN__DUPLICATE_METHOD_MATCH = YES;
				"CODE_SIGN_IDENTITY[sdk=iphoneos*]" = "iPhone Developer";
				COPY_PHASE_STRIP = NO;
				DEBUG_INFORMATION_FORMAT = "dwarf-with-dsym";
				ENABLE_NS_ASSERTIONS = NO;
				ENABLE_STRICT_OBJC_MSGSEND = YES;
				GCC_C_LANGUAGE_STANDARD = gnu99;
				GCC_NO_COMMON_BLOCKS = YES;
				GCC_WARN_64_TO_32_BIT_CONVERSION = YES;
				GCC_WARN_ABOUT_RETURN_TYPE = YES_ERROR;
				GCC_WARN_UNDECLARED_SELECTOR = YES;
				GCC_WARN_UNINITIALIZED_AUTOS = YES_AGGRESSIVE;
				GCC_WARN_UNUSED_FUNCTION = YES;
				GCC_WARN_UNUSED_VARIABLE = YES;
				IPHONEOS_DEPLOYMENT_TARGET = 9.1;
				MTL_ENABLE_DEBUG_INFO = NO;
				SDKROOT = iphoneos;
				TARGETED_DEVICE_FAMILY = "1,2";
				VALIDATE_PRODUCT = YES;
			};
			name = Release;
		};
		A12CF6671C02BDCA009260A7 /* Debug */ = {
			isa = XCBuildConfiguration;
			baseConfigurationReference = C2CC2E6C7A36387C89A755E9 /* Pods-BookManager.debug.xcconfig */;
			buildSettings = {
				ASSETCATALOG_COMPILER_APPICON_NAME = AppIcon;
				INFOPLIST_FILE = "BookManager/Supporting Files/Info.plist";
				LD_RUNPATH_SEARCH_PATHS = "$(inherited) @executable_path/Frameworks";
				OTHER_SWIFT_FLAGS = "$(inherited) \"-D\" \"COCOAPODS\" -D DEBUG";
				PRODUCT_BUNDLE_IDENTIFIER = "jp.ne.takayuki-hara.BookManager";
				PRODUCT_NAME = "$(TARGET_NAME)";
			};
			name = Debug;
		};
		A12CF6681C02BDCA009260A7 /* Release */ = {
			isa = XCBuildConfiguration;
			baseConfigurationReference = F2C27330D751B1FEF6F0D0BB /* Pods-BookManager.release.xcconfig */;
			buildSettings = {
				ASSETCATALOG_COMPILER_APPICON_NAME = AppIcon;
				INFOPLIST_FILE = "BookManager/Supporting Files/Info.plist";
				LD_RUNPATH_SEARCH_PATHS = "$(inherited) @executable_path/Frameworks";
				OTHER_SWIFT_FLAGS = "$(inherited) \"-D\" \"COCOAPODS\" -D DEBUG";
				PRODUCT_BUNDLE_IDENTIFIER = "jp.ne.takayuki-hara.BookManager";
				PRODUCT_NAME = "$(TARGET_NAME)";
			};
			name = Release;
		};
		A12CF66A1C02BDCA009260A7 /* Debug */ = {
			isa = XCBuildConfiguration;
			buildSettings = {
				BUNDLE_LOADER = "$(TEST_HOST)";
				INFOPLIST_FILE = BookManagerTests/Info.plist;
				LD_RUNPATH_SEARCH_PATHS = "$(inherited) @executable_path/Frameworks @loader_path/Frameworks";
				PRODUCT_BUNDLE_IDENTIFIER = "jp.ne.takayuki-hara.BookManagerTests";
				PRODUCT_NAME = "$(TARGET_NAME)";
				TEST_HOST = "$(BUILT_PRODUCTS_DIR)/BookManager.app/BookManager";
			};
			name = Debug;
		};
		A12CF66B1C02BDCA009260A7 /* Release */ = {
			isa = XCBuildConfiguration;
			buildSettings = {
				BUNDLE_LOADER = "$(TEST_HOST)";
				INFOPLIST_FILE = BookManagerTests/Info.plist;
				LD_RUNPATH_SEARCH_PATHS = "$(inherited) @executable_path/Frameworks @loader_path/Frameworks";
				PRODUCT_BUNDLE_IDENTIFIER = "jp.ne.takayuki-hara.BookManagerTests";
				PRODUCT_NAME = "$(TARGET_NAME)";
				TEST_HOST = "$(BUILT_PRODUCTS_DIR)/BookManager.app/BookManager";
			};
			name = Release;
		};
		A12CF66D1C02BDCA009260A7 /* Debug */ = {
			isa = XCBuildConfiguration;
			buildSettings = {
				INFOPLIST_FILE = BookManagerUITests/Info.plist;
				LD_RUNPATH_SEARCH_PATHS = "$(inherited) @executable_path/Frameworks @loader_path/Frameworks";
				PRODUCT_BUNDLE_IDENTIFIER = "jp.ne.takayuki-hara.BookManagerUITests";
				PRODUCT_NAME = "$(TARGET_NAME)";
				TEST_TARGET_NAME = BookManager;
				USES_XCTRUNNER = YES;
			};
			name = Debug;
		};
		A12CF66E1C02BDCA009260A7 /* Release */ = {
			isa = XCBuildConfiguration;
			buildSettings = {
				INFOPLIST_FILE = BookManagerUITests/Info.plist;
				LD_RUNPATH_SEARCH_PATHS = "$(inherited) @executable_path/Frameworks @loader_path/Frameworks";
				PRODUCT_BUNDLE_IDENTIFIER = "jp.ne.takayuki-hara.BookManagerUITests";
				PRODUCT_NAME = "$(TARGET_NAME)";
				TEST_TARGET_NAME = BookManager;
				USES_XCTRUNNER = YES;
			};
			name = Release;
		};
/* End XCBuildConfiguration section */

/* Begin XCConfigurationList section */
		A12CF6361C02BDC9009260A7 /* Build configuration list for PBXProject "BookManager" */ = {
			isa = XCConfigurationList;
			buildConfigurations = (
				A12CF6641C02BDCA009260A7 /* Debug */,
				A12CF6651C02BDCA009260A7 /* Release */,
			);
			defaultConfigurationIsVisible = 0;
			defaultConfigurationName = Release;
		};
		A12CF6661C02BDCA009260A7 /* Build configuration list for PBXNativeTarget "BookManager" */ = {
			isa = XCConfigurationList;
			buildConfigurations = (
				A12CF6671C02BDCA009260A7 /* Debug */,
				A12CF6681C02BDCA009260A7 /* Release */,
			);
			defaultConfigurationIsVisible = 0;
			defaultConfigurationName = Release;
		};
		A12CF6691C02BDCA009260A7 /* Build configuration list for PBXNativeTarget "BookManagerTests" */ = {
			isa = XCConfigurationList;
			buildConfigurations = (
				A12CF66A1C02BDCA009260A7 /* Debug */,
				A12CF66B1C02BDCA009260A7 /* Release */,
			);
			defaultConfigurationIsVisible = 0;
			defaultConfigurationName = Release;
		};
		A12CF66C1C02BDCA009260A7 /* Build configuration list for PBXNativeTarget "BookManagerUITests" */ = {
			isa = XCConfigurationList;
			buildConfigurations = (
				A12CF66D1C02BDCA009260A7 /* Debug */,
				A12CF66E1C02BDCA009260A7 /* Release */,
			);
			defaultConfigurationIsVisible = 0;
			defaultConfigurationName = Release;
		};
/* End XCConfigurationList section */
	};
	rootObject = A12CF6331C02BDC9009260A7 /* Project object */;
}
